
Microsoft Visual Studio Solution File, Format Version 12.00
# Visual Studio Version 16
VisualStudioVersion = 16.0.31727.386
MinimumVisualStudioVersion = 10.0.40219.1
Project("{FAE04EC0-301F-11D3-BF4B-00C04F79EFBC}") = "AtmRequest.Android", "AtmRequest\AtmRequest.Android\AtmRequest.Android.csproj", "{DA3B1BB7-2A5E-44E2-A181-D414E8702F01}"
EndProject
Project("{FAE04EC0-301F-11D3-BF4B-00C04F79EFBC}") = "AtmRequest.iOS", "AtmRequest\AtmRequest.iOS\AtmRequest.iOS.csproj", "{E954265C-F8FE-4E2B-B25F-317AAC4EE2D3}"
EndProject
Project("{FAE04EC0-301F-11D3-BF4B-00C04F79EFBC}") = "AtmRequest", "AtmRequest\AtmRequest\AtmRequest.csproj", "{A1DDA000-EB71-4AE5-8313-B403ABFDC121}"
EndProject
Global
	GlobalSection(SolutionConfigurationPlatforms) = preSolution
		Debug|Any CPU = Debug|Any CPU
		Debug|iPhone = Debug|iPhone
		Debug|iPhoneSimulator = Debug|iPhoneSimulator
		Release|Any CPU = Release|Any CPU
		Release|iPhone = Release|iPhone
		Release|iPhoneSimulator = Release|iPhoneSimulator
	EndGlobalSection
	GlobalSection(ProjectConfigurationPlatforms) = postSolution
		{DA3B1BB7-2A5E-44E2-A181-D414E8702F01}.Debug|Any CPU.ActiveCfg = Debug|Any CPU
		{DA3B1BB7-2A5E-44E2-A181-D414E8702F01}.Debug|Any CPU.Build.0 = Debug|Any CPU
		{DA3B1BB7-2A5E-44E2-A181-D414E8702F01}.Debug|Any CPU.Deploy.0 = Debug|Any CPU
		{DA3B1BB7-2A5E-44E2-A181-D414E8702F01}.Debug|iPhone.ActiveCfg = Debug|Any CPU
		{DA3B1BB7-2A5E-44E2-A181-D414E8702F01}.Debug|iPhone.Build.0 = Debug|Any CPU
		{DA3B1BB7-2A5E-44E2-A181-D414E8702F01}.Debug|iPhone.Deploy.0 = Debug|Any CPU
		{DA3B1BB7-2A5E-44E2-A181-D414E8702F01}.Debug|iPhoneSimulator.ActiveCfg = Debug|Any CPU
		{DA3B1BB7-2A5E-44E2-A181-D414E8702F01}.Debug|iPhoneSimulator.Build.0 = Debug|Any CPU
		{DA3B1BB7-2A5E-44E2-A181-D414E8702F01}.Debug|iPhoneSimulator.Deploy.0 = Debug|Any CPU
		{DA3B1BB7-2A5E-44E2-A181-D414E8702F01}.Release|Any CPU.ActiveCfg = Release|Any CPU
		{DA3B1BB7-2A5E-44E2-A181-D414E8702F01}.Release|Any CPU.Build.0 = Release|Any CPU
		{DA3B1BB7-2A5E-44E2-A181-D414E8702F01}.Release|Any CPU.Deploy.0 = Release|Any CPU
		{DA3B1BB7-2A5E-44E2-A181-D414E8702F01}.Release|iPhone.ActiveCfg = Release|Any CPU
		{DA3B1BB7-2A5E-44E2-A181-D414E8702F01}.Release|iPhone.Build.0 = Release|Any CPU
		{DA3B1BB7-2A5E-44E2-A181-D414E8702F01}.Release|iPhone.Deploy.0 = Release|Any CPU
		{DA3B1BB7-2A5E-44E2-A181-D414E8702F01}.Release|iPhoneSimulator.ActiveCfg = Release|Any CPU
		{DA3B1BB7-2A5E-44E2-A181-D414E8702F01}.Release|iPhoneSimulator.Build.0 = Release|Any CPU
		{DA3B1BB7-2A5E-44E2-A181-D414E8702F01}.Release|iPhoneSimulator.Deploy.0 = Release|Any CPU
		{E954265C-F8FE-4E2B-B25F-317AAC4EE2D3}.Debug|Any CPU.ActiveCfg = Debug|iPhone
		{E954265C-F8FE-4E2B-B25F-317AAC4EE2D3}.Debug|Any CPU.Build.0 = Debug|iPhone
		{E954265C-F8FE-4E2B-B25F-317AAC4EE2D3}.Debug|Any CPU.Deploy.0 = Debug|iPhone
		{E954265C-F8FE-4E2B-B25F-317AAC4EE2D3}.Debug|iPhone.ActiveCfg = Debug|iPhone
		{E954265C-F8FE-4E2B-B25F-317AAC4EE2D3}.Debug|iPhone.Build.0 = Debug|iPhone
		{E954265C-F8FE-4E2B-B25F-317AAC4EE2D3}.Debug|iPhone.Deploy.0 = Debug|iPhone
		{E954265C-F8FE-4E2B-B25F-317AAC4EE2D3}.Debug|iPhoneSimulator.ActiveCfg = Debug|iPhoneSimulator
		{E954265C-F8FE-4E2B-B25F-317AAC4EE2D3}.Debug|iPhoneSimulator.Build.0 = Debug|iPhoneSimulator
		{E954265C-F8FE-4E2B-B25F-317AAC4EE2D3}.Debug|iPhoneSimulator.Deploy.0 = Debug|iPhoneSimulator
		{E954265C-F8FE-4E2B-B25F-317AAC4EE2D3}.Release|Any CPU.ActiveCfg = Release|iPhoneSimulator
		{E954265C-F8FE-4E2B-B25F-317AAC4EE2D3}.Release|Any CPU.Build.0 = Release|iPhoneSimulator
		{E954265C-F8FE-4E2B-B25F-317AAC4EE2D3}.Release|Any CPU.Deploy.0 = Release|iPhoneSimulator
		{E954265C-F8FE-4E2B-B25F-317AAC4EE2D3}.Release|iPhone.ActiveCfg = Release|iPhone
		{E954265C-F8FE-4E2B-B25F-317AAC4EE2D3}.Release|iPhone.Build.0 = Release|iPhone
		{E954265C-F8FE-4E2B-B25F-317AAC4EE2D3}.Release|iPhone.Deploy.0 = Release|iPhone
		{E954265C-F8FE-4E2B-B25F-317AAC4EE2D3}.Release|iPhoneSimulator.ActiveCfg = Release|iPhoneSimulator
		{E954265C-F8FE-4E2B-B25F-317AAC4EE2D3}.Release|iPhoneSimulator.Build.0 = Release|iPhoneSimulator
		{E954265C-F8FE-4E2B-B25F-317AAC4EE2D3}.Release|iPhoneSimulator.Deploy.0 = Release|iPhoneSimulator
		{A1DDA000-EB71-4AE5-8313-B403ABFDC121}.Debug|Any CPU.ActiveCfg = Debug|Any CPU
		{A1DDA000-EB71-4AE5-8313-B403ABFDC121}.Debug|Any CPU.Build.0 = Debug|Any CPU
		{A1DDA000-EB71-4AE5-8313-B403ABFDC121}.Debug|Any CPU.Deploy.0 = Debug|Any CPU
		{A1DDA000-EB71-4AE5-8313-B403ABFDC121}.Debug|iPhone.ActiveCfg = Debug|Any CPU
		{A1DDA000-EB71-4AE5-8313-B403ABFDC121}.Debug|iPhone.Build.0 = Debug|Any CPU
		{A1DDA000-EB71-4AE5-8313-B403ABFDC121}.Debug|iPhone.Deploy.0 = Debug|Any CPU
		{A1DDA000-EB71-4AE5-8313-B403ABFDC121}.Debug|iPhoneSimulator.ActiveCfg = Debug|Any CPU
		{A1DDA000-EB71-4AE5-8313-B403ABFDC121}.Debug|iPhoneSimulator.Build.0 = Debug|Any CPU
		{A1DDA000-EB71-4AE5-8313-B403ABFDC121}.Debug|iPhoneSimulator.Deploy.0 = Debug|Any CPU
		{A1DDA000-EB71-4AE5-8313-B403ABFDC121}.Release|Any CPU.ActiveCfg = Release|Any CPU
		{A1DDA000-EB71-4AE5-8313-B403ABFDC121}.Release|Any CPU.Build.0 = Release|Any CPU
		{A1DDA000-EB71-4AE5-8313-B403ABFDC121}.Release|Any CPU.Deploy.0 = Release|Any CPU
		{A1DDA000-EB71-4AE5-8313-B403ABFDC121}.Release|iPhone.ActiveCfg = Release|Any CPU
		{A1DDA000-EB71-4AE5-8313-B403ABFDC121}.Release|iPhone.Build.0 = Release|Any CPU
		{A1DDA000-EB71-4AE5-8313-B403ABFDC121}.Release|iPhone.Deploy.0 = Release|Any CPU
		{A1DDA000-EB71-4AE5-8313-B403ABFDC121}.Release|iPhoneSimulator.ActiveCfg = Release|Any CPU
		{A1DDA000-EB71-4AE5-8313-B403ABFDC121}.Release|iPhoneSimulator.Build.0 = Release|Any CPU
		{A1DDA000-EB71-4AE5-8313-B403ABFDC121}.Release|iPhoneSimulator.Deploy.0 = Release|Any CPU
	EndGlobalSection
	GlobalSection(SolutionProperties) = preSolution
		HideSolutionNode = FALSE
	EndGlobalSection
	GlobalSection(ExtensibilityGlobals) = postSolution
		SolutionGuid = {736F9A3A-C6CB-43F5-8A71-CE5D2E6F632C}
	EndGlobalSection
EndGlobal
